
Microsoft Visual Studio Solution File, Format Version 12.00
# Visual Studio Version 17
VisualStudioVersion = 17.4.33110.190
MinimumVisualStudioVersion = 10.0.40219.1
Project("{FAE04EC0-301F-11D3-BF4B-00C04F79EFBC}") = "Project1", "Project1\Project1.csproj", "{FB7072AF-2AEB-472A-A799-9D5148865B2E}"
EndProject
Project("{FAE04EC0-301F-11D3-BF4B-00C04F79EFBC}") = "MeteorApplication", "MeteorApplication\MeteorApplication.csproj", "{3BB68948-52D7-45DD-98E0-5F6EF262E5C5}"
EndProject
Project("{FAE04EC0-301F-11D3-BF4B-00C04F79EFBC}") = "MonoString", "MonoString\MonoString.csproj", "{E23188E2-65B9-40D2-8853-7F77FFD840BD}"
EndProject
Global
	GlobalSection(SolutionConfigurationPlatforms) = preSolution
		Debug|Any CPU = Debug|Any CPU
		Release|Any CPU = Release|Any CPU
	EndGlobalSection
	GlobalSection(ProjectConfigurationPlatforms) = postSolution
		{FB7072AF-2AEB-472A-A799-9D5148865B2E}.Debug|Any CPU.ActiveCfg = Debug|Any CPU
		{FB7072AF-2AEB-472A-A799-9D5148865B2E}.Debug|Any CPU.Build.0 = Debug|Any CPU
		{FB7072AF-2AEB-472A-A799-9D5148865B2E}.Release|Any CPU.ActiveCfg = Release|Any CPU
		{FB7072AF-2AEB-472A-A799-9D5148865B2E}.Release|Any CPU.Build.0 = Release|Any CPU
		{3BB68948-52D7-45DD-98E0-5F6EF262E5C5}.Debug|Any CPU.ActiveCfg = Debug|Any CPU
		{3BB68948-52D7-45DD-98E0-5F6EF262E5C5}.Debug|Any CPU.Build.0 = Debug|Any CPU
		{3BB68948-52D7-45DD-98E0-5F6EF262E5C5}.Release|Any CPU.ActiveCfg = Release|Any CPU
		{3BB68948-52D7-45DD-98E0-5F6EF262E5C5}.Release|Any CPU.Build.0 = Release|Any CPU
		{E23188E2-65B9-40D2-8853-7F77FFD840BD}.Debug|Any CPU.ActiveCfg = Debug|Any CPU
		{E23188E2-65B9-40D2-8853-7F77FFD840BD}.Debug|Any CPU.Build.0 = Debug|Any CPU
		{E23188E2-65B9-40D2-8853-7F77FFD840BD}.Release|Any CPU.ActiveCfg = Release|Any CPU
		{E23188E2-65B9-40D2-8853-7F77FFD840BD}.Release|Any CPU.Build.0 = Release|Any CPU
	EndGlobalSection
	GlobalSection(SolutionProperties) = preSolution
		HideSolutionNode = FALSE
	EndGlobalSection
	GlobalSection(ExtensibilityGlobals) = postSolution
		SolutionGuid = {8251F80F-93AE-4EAB-BC48-29D0ECE371B8}
	EndGlobalSection
EndGlobal
